
Microsoft Visual Studio Solution File, Format Version 12.00
# Visual Studio 2013
VisualStudioVersion = 12.0.40629.0
MinimumVisualStudioVersion = 10.0.40219.1
Project("{FAE04EC0-301F-11D3-BF4B-00C04F79EFBC}") = "updater", "udater\updater.csproj", "{7F0EF32C-6F14-4111-8C1D-64E0F34C9C23}"
EndProject
Project("{FAE04EC0-301F-11D3-BF4B-00C04F79EFBC}") = "EvaJimaSettings", "EvaJimaSettings\EvaJimaSettings.csproj", "{6ED83E00-E836-4395-9FBC-7A3878455274}"
EndProject
Project("{FAE04EC0-301F-11D3-BF4B-00C04F79EFBC}") = "EveJimaCore", "EveJimaCore\EveJimaCore.csproj", "{9BE6B536-03F7-4C85-9D1F-5597EF420EF6}"
EndProject
Global
	GlobalSection(SolutionConfigurationPlatforms) = preSolution
		Debug|Any CPU = Debug|Any CPU
		Debug|Mixed Platforms = Debug|Mixed Platforms
		Debug|x64 = Debug|x64
		Debug|x86 = Debug|x86
		Release|Any CPU = Release|Any CPU
		Release|Mixed Platforms = Release|Mixed Platforms
		Release|x64 = Release|x64
		Release|x86 = Release|x86
	EndGlobalSection
	GlobalSection(ProjectConfigurationPlatforms) = postSolution
		{7F0EF32C-6F14-4111-8C1D-64E0F34C9C23}.Debug|Any CPU.ActiveCfg = Debug|Any CPU
		{7F0EF32C-6F14-4111-8C1D-64E0F34C9C23}.Debug|Any CPU.Build.0 = Debug|Any CPU
		{7F0EF32C-6F14-4111-8C1D-64E0F34C9C23}.Debug|Mixed Platforms.ActiveCfg = Debug|Any CPU
		{7F0EF32C-6F14-4111-8C1D-64E0F34C9C23}.Debug|Mixed Platforms.Build.0 = Debug|Any CPU
		{7F0EF32C-6F14-4111-8C1D-64E0F34C9C23}.Debug|x64.ActiveCfg = Debug|Any CPU
		{7F0EF32C-6F14-4111-8C1D-64E0F34C9C23}.Debug|x86.ActiveCfg = Debug|Any CPU
		{7F0EF32C-6F14-4111-8C1D-64E0F34C9C23}.Release|Any CPU.ActiveCfg = Release|Any CPU
		{7F0EF32C-6F14-4111-8C1D-64E0F34C9C23}.Release|Any CPU.Build.0 = Release|Any CPU
		{7F0EF32C-6F14-4111-8C1D-64E0F34C9C23}.Release|Mixed Platforms.ActiveCfg = Release|Any CPU
		{7F0EF32C-6F14-4111-8C1D-64E0F34C9C23}.Release|Mixed Platforms.Build.0 = Release|Any CPU
		{7F0EF32C-6F14-4111-8C1D-64E0F34C9C23}.Release|x64.ActiveCfg = Release|Any CPU
		{7F0EF32C-6F14-4111-8C1D-64E0F34C9C23}.Release|x86.ActiveCfg = Release|Any CPU
		{6ED83E00-E836-4395-9FBC-7A3878455274}.Debug|Any CPU.ActiveCfg = Debug|Any CPU
		{6ED83E00-E836-4395-9FBC-7A3878455274}.Debug|Any CPU.Build.0 = Debug|Any CPU
		{6ED83E00-E836-4395-9FBC-7A3878455274}.Debug|Mixed Platforms.ActiveCfg = Debug|Any CPU
		{6ED83E00-E836-4395-9FBC-7A3878455274}.Debug|Mixed Platforms.Build.0 = Debug|Any CPU
		{6ED83E00-E836-4395-9FBC-7A3878455274}.Debug|x64.ActiveCfg = Debug|Any CPU
		{6ED83E00-E836-4395-9FBC-7A3878455274}.Debug|x86.ActiveCfg = Debug|Any CPU
		{6ED83E00-E836-4395-9FBC-7A3878455274}.Release|Any CPU.ActiveCfg = Release|Any CPU
		{6ED83E00-E836-4395-9FBC-7A3878455274}.Release|Any CPU.Build.0 = Release|Any CPU
		{6ED83E00-E836-4395-9FBC-7A3878455274}.Release|Mixed Platforms.ActiveCfg = Release|Any CPU
		{6ED83E00-E836-4395-9FBC-7A3878455274}.Release|Mixed Platforms.Build.0 = Release|Any CPU
		{6ED83E00-E836-4395-9FBC-7A3878455274}.Release|x64.ActiveCfg = Release|Any CPU
		{6ED83E00-E836-4395-9FBC-7A3878455274}.Release|x86.ActiveCfg = Release|Any CPU
		{9BE6B536-03F7-4C85-9D1F-5597EF420EF6}.Debug|Any CPU.ActiveCfg = Debug|Any CPU
		{9BE6B536-03F7-4C85-9D1F-5597EF420EF6}.Debug|Any CPU.Build.0 = Debug|Any CPU
		{9BE6B536-03F7-4C85-9D1F-5597EF420EF6}.Debug|Mixed Platforms.ActiveCfg = Debug|x86
		{9BE6B536-03F7-4C85-9D1F-5597EF420EF6}.Debug|Mixed Platforms.Build.0 = Debug|x86
		{9BE6B536-03F7-4C85-9D1F-5597EF420EF6}.Debug|x64.ActiveCfg = Debug|Any CPU
		{9BE6B536-03F7-4C85-9D1F-5597EF420EF6}.Debug|x86.ActiveCfg = Debug|Any CPU
		{9BE6B536-03F7-4C85-9D1F-5597EF420EF6}.Release|Any CPU.ActiveCfg = Release|Any CPU
		{9BE6B536-03F7-4C85-9D1F-5597EF420EF6}.Release|Any CPU.Build.0 = Release|Any CPU
		{9BE6B536-03F7-4C85-9D1F-5597EF420EF6}.Release|Mixed Platforms.ActiveCfg = Release|Any CPU
		{9BE6B536-03F7-4C85-9D1F-5597EF420EF6}.Release|Mixed Platforms.Build.0 = Release|Any CPU
		{9BE6B536-03F7-4C85-9D1F-5597EF420EF6}.Release|x64.ActiveCfg = Release|Any CPU
		{9BE6B536-03F7-4C85-9D1F-5597EF420EF6}.Release|x86.ActiveCfg = Release|Any CPU
	EndGlobalSection
	GlobalSection(SolutionProperties) = preSolution
		HideSolutionNode = FALSE
	EndGlobalSection
EndGlobal
